
Microsoft Visual Studio Solution File, Format Version 12.00
# Visual Studio 15
VisualStudioVersion = 15.0.27703.2048
MinimumVisualStudioVersion = 10.0.40219.1
Project("{9A19103F-16F7-4668-BE54-9A1E7A4F7556}") = "WebApplication1", "WebApplication1\WebApplication1.csproj", "{D01411AA-C84F-41AA-9439-D6A165AE8965}"
EndProject
Project("{E53339B2-1760-4266-BCC7-CA923CBCF16C}") = "docker-compose", "docker-compose.dcproj", "{2F1EAC16-1ED5-453F-80A1-44D56223591B}"
EndProject
Project("{2150E333-8FDC-42A3-9474-1A3956D46DE8}") = "Migrations", "Migrations", "{C657B83F-F55A-480C-97A1-2302A33C2968}"
	ProjectSection(SolutionItems) = preProject
		Migrations\Dockerfile = Migrations\Dockerfile
	EndProjectSection
EndProject
Project("{2150E333-8FDC-42A3-9474-1A3956D46DE8}") = "sql", "sql", "{551BF5C3-AA95-4E08-97F2-C690A3B74D14}"
	ProjectSection(SolutionItems) = preProject
		Migrations\sql\V1__Create_person_table.sql = Migrations\sql\V1__Create_person_table.sql
		Migrations\sql\V2__Add_people.sql = Migrations\sql\V2__Add_people.sql
		Migrations\sql\V3__Add_people.sql = Migrations\sql\V3__Add_people.sql
	EndProjectSection
EndProject
Global
	GlobalSection(SolutionConfigurationPlatforms) = preSolution
		Debug|Any CPU = Debug|Any CPU
		Release|Any CPU = Release|Any CPU
	EndGlobalSection
	GlobalSection(ProjectConfigurationPlatforms) = postSolution
		{D01411AA-C84F-41AA-9439-D6A165AE8965}.Debug|Any CPU.ActiveCfg = Debug|Any CPU
		{D01411AA-C84F-41AA-9439-D6A165AE8965}.Debug|Any CPU.Build.0 = Debug|Any CPU
		{D01411AA-C84F-41AA-9439-D6A165AE8965}.Release|Any CPU.ActiveCfg = Release|Any CPU
		{D01411AA-C84F-41AA-9439-D6A165AE8965}.Release|Any CPU.Build.0 = Release|Any CPU
		{2F1EAC16-1ED5-453F-80A1-44D56223591B}.Debug|Any CPU.ActiveCfg = Debug|Any CPU
		{2F1EAC16-1ED5-453F-80A1-44D56223591B}.Debug|Any CPU.Build.0 = Debug|Any CPU
		{2F1EAC16-1ED5-453F-80A1-44D56223591B}.Release|Any CPU.ActiveCfg = Release|Any CPU
		{2F1EAC16-1ED5-453F-80A1-44D56223591B}.Release|Any CPU.Build.0 = Release|Any CPU
	EndGlobalSection
	GlobalSection(SolutionProperties) = preSolution
		HideSolutionNode = FALSE
	EndGlobalSection
	GlobalSection(NestedProjects) = preSolution
		{551BF5C3-AA95-4E08-97F2-C690A3B74D14} = {C657B83F-F55A-480C-97A1-2302A33C2968}
	EndGlobalSection
	GlobalSection(ExtensibilityGlobals) = postSolution
		SolutionGuid = {F6FCECD6-616A-4D27-8B13-2592E6DA60F5}
	EndGlobalSection
EndGlobal
